
Microsoft Visual Studio Solution File, Format Version 12.00
# Visual Studio Version 16
VisualStudioVersion = 16.0.31105.61
MinimumVisualStudioVersion = 10.0.40219.1
Project("{FAE04EC0-301F-11D3-BF4B-00C04F79EFBC}") = "SehirRehberi.Api", "SehirRehberi.Api\SehirRehberi.Api.csproj", "{34ABB44C-70CE-4371-B447-88E31692A479}"
EndProject
Global
	GlobalSection(SolutionConfigurationPlatforms) = preSolution
		Debug|Any CPU = Debug|Any CPU
		Release|Any CPU = Release|Any CPU
	EndGlobalSection
	GlobalSection(ProjectConfigurationPlatforms) = postSolution
		{34ABB44C-70CE-4371-B447-88E31692A479}.Debug|Any CPU.ActiveCfg = Debug|Any CPU
		{34ABB44C-70CE-4371-B447-88E31692A479}.Debug|Any CPU.Build.0 = Debug|Any CPU
		{34ABB44C-70CE-4371-B447-88E31692A479}.Release|Any CPU.ActiveCfg = Release|Any CPU
		{34ABB44C-70CE-4371-B447-88E31692A479}.Release|Any CPU.Build.0 = Release|Any CPU
	EndGlobalSection
	GlobalSection(SolutionProperties) = preSolution
		HideSolutionNode = FALSE
	EndGlobalSection
	GlobalSection(ExtensibilityGlobals) = postSolution
		SolutionGuid = {1EF69FB3-06A8-4028-B9FE-5DFC641B0411}
	EndGlobalSection
EndGlobal
